
Microsoft Visual Studio Solution File, Format Version 12.00
# Visual Studio Version 17
VisualStudioVersion = 17.14.37111.16 d17.14
MinimumVisualStudioVersion = 10.0.40219.1
Project("{FAE04EC0-301F-11D3-BF4B-00C04F79EFBC}") = "Linguae", "Linguae\Linguae.csproj", "{F5A1B840-AAE0-4E82-96F2-30034058B3D9}"
EndProject
Global
	GlobalSection(SolutionConfigurationPlatforms) = preSolution
		Debug|Any CPU = Debug|Any CPU
		Release|Any CPU = Release|Any CPU
	EndGlobalSection
	GlobalSection(ProjectConfigurationPlatforms) = postSolution
		{F5A1B840-AAE0-4E82-96F2-30034058B3D9}.Debug|Any CPU.ActiveCfg = Debug|Any CPU
		{F5A1B840-AAE0-4E82-96F2-30034058B3D9}.Debug|Any CPU.Build.0 = Debug|Any CPU
		{F5A1B840-AAE0-4E82-96F2-30034058B3D9}.Release|Any CPU.ActiveCfg = Release|Any CPU
		{F5A1B840-AAE0-4E82-96F2-30034058B3D9}.Release|Any CPU.Build.0 = Release|Any CPU
	EndGlobalSection
	GlobalSection(SolutionProperties) = preSolution
		HideSolutionNode = FALSE
	EndGlobalSection
	GlobalSection(ExtensibilityGlobals) = postSolution
		SolutionGuid = {D3A4BB58-9BCB-4504-AD6F-5355648D16A7}
	EndGlobalSection
EndGlobal
